
Microsoft Visual Studio Solution File, Format Version 12.00
# Visual Studio Version 16
VisualStudioVersion = 16.0.30002.166
MinimumVisualStudioVersion = 10.0.40219.1
Project("{FAE04EC0-301F-11D3-BF4B-00C04F79EFBC}") = "WordSetUtil", "WordSetUtil.csproj", "{4541CEC2-89A7-4ED1-940B-5579675C4F4C}"
EndProject
Project("{FAE04EC0-301F-11D3-BF4B-00C04F79EFBC}") = "MathLib", "MathLib\MathLib.csproj", "{650FDAE1-33DF-4A4E-955F-272FC66FB308}"
EndProject
Global
	GlobalSection(SolutionConfigurationPlatforms) = preSolution
		Debug|Any CPU = Debug|Any CPU
		Release|Any CPU = Release|Any CPU
	EndGlobalSection
	GlobalSection(ProjectConfigurationPlatforms) = postSolution
		{4541CEC2-89A7-4ED1-940B-5579675C4F4C}.Debug|Any CPU.ActiveCfg = Debug|Any CPU
		{4541CEC2-89A7-4ED1-940B-5579675C4F4C}.Debug|Any CPU.Build.0 = Debug|Any CPU
		{4541CEC2-89A7-4ED1-940B-5579675C4F4C}.Release|Any CPU.ActiveCfg = Release|Any CPU
		{4541CEC2-89A7-4ED1-940B-5579675C4F4C}.Release|Any CPU.Build.0 = Release|Any CPU
		{650FDAE1-33DF-4A4E-955F-272FC66FB308}.Debug|Any CPU.ActiveCfg = Debug|Any CPU
		{650FDAE1-33DF-4A4E-955F-272FC66FB308}.Debug|Any CPU.Build.0 = Debug|Any CPU
		{650FDAE1-33DF-4A4E-955F-272FC66FB308}.Release|Any CPU.ActiveCfg = Release|Any CPU
		{650FDAE1-33DF-4A4E-955F-272FC66FB308}.Release|Any CPU.Build.0 = Release|Any CPU
	EndGlobalSection
	GlobalSection(SolutionProperties) = preSolution
		HideSolutionNode = FALSE
	EndGlobalSection
	GlobalSection(ExtensibilityGlobals) = postSolution
		SolutionGuid = {BB5152B2-DA09-4485-8F3B-FD908E1D14DD}
	EndGlobalSection
EndGlobal
